
Microsoft Visual Studio Solution File, Format Version 12.00
# Visual Studio Version 16
VisualStudioVersion = 16.0.30717.126
MinimumVisualStudioVersion = 10.0.40219.1
Project("{FAE04EC0-301F-11D3-BF4B-00C04F79EFBC}") = "ctbc_prototype", "ctbc_prototype\ctbc_prototype.csproj", "{D5FDABF6-3E75-4F81-AF43-24F43B4D2495}"
EndProject
Global
	GlobalSection(SolutionConfigurationPlatforms) = preSolution
		Debug|Any CPU = Debug|Any CPU
		Release|Any CPU = Release|Any CPU
	EndGlobalSection
	GlobalSection(ProjectConfigurationPlatforms) = postSolution
		{D5FDABF6-3E75-4F81-AF43-24F43B4D2495}.Debug|Any CPU.ActiveCfg = Debug|Any CPU
		{D5FDABF6-3E75-4F81-AF43-24F43B4D2495}.Debug|Any CPU.Build.0 = Debug|Any CPU
		{D5FDABF6-3E75-4F81-AF43-24F43B4D2495}.Release|Any CPU.ActiveCfg = Release|Any CPU
		{D5FDABF6-3E75-4F81-AF43-24F43B4D2495}.Release|Any CPU.Build.0 = Release|Any CPU
	EndGlobalSection
	GlobalSection(SolutionProperties) = preSolution
		HideSolutionNode = FALSE
	EndGlobalSection
	GlobalSection(ExtensibilityGlobals) = postSolution
		SolutionGuid = {EE59141E-915F-4660-BAB4-D0CBD8A92CD7}
	EndGlobalSection
EndGlobal
